
Microsoft Visual Studio Solution File, Format Version 12.00
# Visual Studio Version 17
VisualStudioVersion = 17.14.36109.1 d17.14
MinimumVisualStudioVersion = 10.0.40219.1
Project("{FAE04EC0-301F-11D3-BF4B-00C04F79EFBC}") = "VendorManagmentApi", "VendorManagmentApi\VendorManagmentApi.csproj", "{BAB13525-C33D-4A7B-8970-EB0437A26E5A}"
EndProject
Global
	GlobalSection(SolutionConfigurationPlatforms) = preSolution
		Debug|Any CPU = Debug|Any CPU
		Release|Any CPU = Release|Any CPU
	EndGlobalSection
	GlobalSection(ProjectConfigurationPlatforms) = postSolution
		{BAB13525-C33D-4A7B-8970-EB0437A26E5A}.Debug|Any CPU.ActiveCfg = Debug|Any CPU
		{BAB13525-C33D-4A7B-8970-EB0437A26E5A}.Debug|Any CPU.Build.0 = Debug|Any CPU
		{BAB13525-C33D-4A7B-8970-EB0437A26E5A}.Release|Any CPU.ActiveCfg = Release|Any CPU
		{BAB13525-C33D-4A7B-8970-EB0437A26E5A}.Release|Any CPU.Build.0 = Release|Any CPU
	EndGlobalSection
	GlobalSection(SolutionProperties) = preSolution
		HideSolutionNode = FALSE
	EndGlobalSection
	GlobalSection(ExtensibilityGlobals) = postSolution
		SolutionGuid = {CE451A36-948C-4E62-B47A-0476BD929D6C}
	EndGlobalSection
EndGlobal
